<?xml version="1.0" encoding="utf-8"?>
<Project ToolsVersion="4.0" xmlns="http://schemas.microsoft.com/developer/msbuild/2003">
  <ItemGroup>
    <Filter Include="소스 파일">
      <UniqueIdentifier>{4FC737F1-C7A5-4376-A066-2A32D752A2FF}</UniqueIdentifier>
      <Extensions>cpp;c;cc;cxx;def;odl;idl;hpj;bat;asm;asmx</Extensions>
    </Filter>
    <Filter Include="헤더 파일">
      <UniqueIdentifier>{93995380-89BD-4b04-88EB-625FBE52EBFB}</UniqueIdentifier>
      <Extensions>h;hh;hpp;hxx;hm;inl;inc;xsd</Extensions>
    </Filter>
    <Filter Include="헤더 파일\ferns">
      <UniqueIdentifier>{9b530a63-b7e1-429d-9327-fc30a062fafc}</UniqueIdentifier>
    </Filter>
  </ItemGroup>
  <ItemGroup>
    <ClCompile Include="ferns\buffer_management.cc">
      <Filter>헤더 파일\ferns</Filter>
    </ClCompile>
    <ClCompile Include="ferns\cmphomo.cc">
      <Filter>헤더 파일\ferns</Filter>
    </ClCompile>
    <ClCompile Include="ferns\fern_based_point_classifier.cc">
      <Filter>헤더 파일\ferns</Filter>
    </ClCompile>
    <ClCompile Include="ferns\ferns.cc">
      <Filter>헤더 파일\ferns</Filter>
    </ClCompile>
    <ClCompile Include="ferns\fine_gaussian_pyramid.cc">
      <Filter>헤더 파일\ferns</Filter>
    </ClCompile>
    <ClCompile Include="ferns\homography_estimator.cc">
      <Filter>헤더 파일\ferns</Filter>
    </ClCompile>
    <ClCompile Include="ferns\homography06.cc">
      <Filter>헤더 파일\ferns</Filter>
    </ClCompile>
    <ClCompile Include="ferns\planar_pattern_detector.cc">
      <Filter>헤더 파일\ferns</Filter>
    </ClCompile>
    <ClCompile Include="ferns\pyr_yape06.cc">
      <Filter>헤더 파일\ferns</Filter>
    </ClCompile>
    <ClCompile Include="ferns\stdafx.cpp">
      <Filter>헤더 파일\ferns</Filter>
    </ClCompile>
    <ClCompile Include="ferns\template_matching_based_tracker.cc">
      <Filter>헤더 파일\ferns</Filter>
    </ClCompile>
    <ClCompile Include="ferns\main.cc">
      <Filter>소스 파일</Filter>
    </ClCompile>
  </ItemGroup>
  <ItemGroup>
    <ClInclude Include="ferns\buffer_management.h">
      <Filter>헤더 파일\ferns</Filter>
    </ClInclude>
    <ClInclude Include="ferns\cmphomo.h">
      <Filter>헤더 파일\ferns</Filter>
    </ClInclude>
    <ClInclude Include="ferns\fern_based_point_classifier.h">
      <Filter>헤더 파일\ferns</Filter>
    </ClInclude>
    <ClInclude Include="ferns\ferns.h">
      <Filter>헤더 파일\ferns</Filter>
    </ClInclude>
    <ClInclude Include="ferns\fine_gaussian_pyramid.h">
      <Filter>헤더 파일\ferns</Filter>
    </ClInclude>
    <ClInclude Include="ferns\general.h">
      <Filter>헤더 파일\ferns</Filter>
    </ClInclude>
    <ClInclude Include="ferns\homography_estimator.h">
      <Filter>헤더 파일\ferns</Filter>
    </ClInclude>
    <ClInclude Include="ferns\homography06.h">
      <Filter>헤더 파일\ferns</Filter>
    </ClInclude>
    <ClInclude Include="ferns\keypoint.h">
      <Filter>헤더 파일\ferns</Filter>
    </ClInclude>
    <ClInclude Include="ferns\planar_pattern_detector.h">
      <Filter>헤더 파일\ferns</Filter>
    </ClInclude>
    <ClInclude Include="ferns\pyr_yape06.h">
      <Filter>헤더 파일\ferns</Filter>
    </ClInclude>
    <ClInclude Include="ferns\stdafx.h">
      <Filter>헤더 파일\ferns</Filter>
    </ClInclude>
    <ClInclude Include="ferns\targetver.h">
      <Filter>헤더 파일\ferns</Filter>
    </ClInclude>
    <ClInclude Include="ferns\template_matching_based_tracker.h">
      <Filter>헤더 파일\ferns</Filter>
    </ClInclude>
  </ItemGroup>
</Project>