<?xml version="1.0" encoding="utf-8"?>
<Project ToolsVersion="4.0" xmlns="http://schemas.microsoft.com/developer/msbuild/2003">
  <ItemGroup>
    <Filter Include="소스 파일">
      <UniqueIdentifier>{4FC737F1-C7A5-4376-A066-2A32D752A2FF}</UniqueIdentifier>
      <Extensions>cpp;c;cc;cxx;def;odl;idl;hpj;bat;asm;asmx</Extensions>
    </Filter>
    <Filter Include="헤더 파일">
      <UniqueIdentifier>{93995380-89BD-4b04-88EB-625FBE52EBFB}</UniqueIdentifier>
      <Extensions>h;hh;hpp;hxx;hm;inl;inc;xsd</Extensions>
    </Filter>
    <Filter Include="리소스 파일">
      <UniqueIdentifier>{67DA6AB6-F800-4c08-8B7A-83BB121AAD01}</UniqueIdentifier>
      <Extensions>rc;ico;cur;bmp;dlg;rc2;rct;bin;rgs;gif;jpg;jpeg;jpe;resx;tiff;tif;png;wav;mfcribbon-ms</Extensions>
    </Filter>
    <Filter Include="소스 파일\ferns">
      <UniqueIdentifier>{93eccfb6-edc7-4f4d-8669-a9f80262576b}</UniqueIdentifier>
    </Filter>
    <Filter Include="소스 파일\ferns\zlib">
      <UniqueIdentifier>{abb52b56-0b3d-452a-aed8-2eb023da5d9b}</UniqueIdentifier>
    </Filter>
  </ItemGroup>
  <ItemGroup>
    <ClCompile Include="ferns\affine_image_generator06.cc">
      <Filter>소스 파일\ferns</Filter>
    </ClCompile>
    <ClCompile Include="ferns\affine_transformation_range.cc">
      <Filter>소스 파일\ferns</Filter>
    </ClCompile>
    <ClCompile Include="ferns\buffer_management.cc">
      <Filter>소스 파일\ferns</Filter>
    </ClCompile>
    <ClCompile Include="ferns\cmphomo.cc">
      <Filter>소스 파일\ferns</Filter>
    </ClCompile>
    <ClCompile Include="ferns\fern_based_point_classifier.cc">
      <Filter>소스 파일\ferns</Filter>
    </ClCompile>
    <ClCompile Include="ferns\ferns.cc">
      <Filter>소스 파일\ferns</Filter>
    </ClCompile>
    <ClCompile Include="ferns\fine_gaussian_pyramid.cc">
      <Filter>소스 파일\ferns</Filter>
    </ClCompile>
    <ClCompile Include="ferns\homography_estimator.cc">
      <Filter>소스 파일\ferns</Filter>
    </ClCompile>
    <ClCompile Include="ferns\homography06.cc">
      <Filter>소스 파일\ferns</Filter>
    </ClCompile>
    <ClCompile Include="ferns\main.cc">
      <Filter>소스 파일\ferns</Filter>
    </ClCompile>
    <ClCompile Include="ferns\mcv.cc">
      <Filter>소스 파일\ferns</Filter>
    </ClCompile>
    <ClCompile Include="ferns\mcvGaussianSmoothing.cc">
      <Filter>소스 파일\ferns</Filter>
    </ClCompile>
    <ClCompile Include="ferns\planar_pattern_detector.cc">
      <Filter>소스 파일\ferns</Filter>
    </ClCompile>
    <ClCompile Include="ferns\planar_pattern_detector_builder.cc">
      <Filter>소스 파일\ferns</Filter>
    </ClCompile>
    <ClCompile Include="ferns\pyr_yape06.cc">
      <Filter>소스 파일\ferns</Filter>
    </ClCompile>
    <ClCompile Include="ferns\stdafx.cpp">
      <Filter>소스 파일\ferns</Filter>
    </ClCompile>
    <ClCompile Include="ferns\template_matching_based_tracker.cc">
      <Filter>소스 파일\ferns</Filter>
    </ClCompile>
    <ClCompile Include="ferns\zlib\adler32.cpp">
      <Filter>소스 파일\ferns\zlib</Filter>
    </ClCompile>
    <ClCompile Include="ferns\zlib\compress.cpp">
      <Filter>소스 파일\ferns\zlib</Filter>
    </ClCompile>
    <ClCompile Include="ferns\zlib\crc32.cpp">
      <Filter>소스 파일\ferns\zlib</Filter>
    </ClCompile>
    <ClCompile Include="ferns\zlib\deflate.cpp">
      <Filter>소스 파일\ferns\zlib</Filter>
    </ClCompile>
    <ClCompile Include="ferns\zlib\gzclose.cpp">
      <Filter>소스 파일\ferns\zlib</Filter>
    </ClCompile>
    <ClCompile Include="ferns\zlib\gzlib.cpp">
      <Filter>소스 파일\ferns\zlib</Filter>
    </ClCompile>
    <ClCompile Include="ferns\zlib\gzread.cpp">
      <Filter>소스 파일\ferns\zlib</Filter>
    </ClCompile>
    <ClCompile Include="ferns\zlib\gzwrite.cpp">
      <Filter>소스 파일\ferns\zlib</Filter>
    </ClCompile>
    <ClCompile Include="ferns\zlib\infback.cpp">
      <Filter>소스 파일\ferns\zlib</Filter>
    </ClCompile>
    <ClCompile Include="ferns\zlib\inffast.cpp">
      <Filter>소스 파일\ferns\zlib</Filter>
    </ClCompile>
    <ClCompile Include="ferns\zlib\inflate.cpp">
      <Filter>소스 파일\ferns\zlib</Filter>
    </ClCompile>
    <ClCompile Include="ferns\zlib\inftrees.cpp">
      <Filter>소스 파일\ferns\zlib</Filter>
    </ClCompile>
    <ClCompile Include="ferns\zlib\trees.cpp">
      <Filter>소스 파일\ferns\zlib</Filter>
    </ClCompile>
    <ClCompile Include="ferns\zlib\uncompr.cpp">
      <Filter>소스 파일\ferns\zlib</Filter>
    </ClCompile>
    <ClCompile Include="ferns\zlib\zutil.cpp">
      <Filter>소스 파일\ferns\zlib</Filter>
    </ClCompile>
  </ItemGroup>
  <ItemGroup>
    <ClInclude Include="ferns\affine_image_generator06.h">
      <Filter>소스 파일\ferns</Filter>
    </ClInclude>
    <ClInclude Include="ferns\affine_transformation_range.h">
      <Filter>소스 파일\ferns</Filter>
    </ClInclude>
    <ClInclude Include="ferns\buffer_management.h">
      <Filter>소스 파일\ferns</Filter>
    </ClInclude>
    <ClInclude Include="ferns\cmphomo.h">
      <Filter>소스 파일\ferns</Filter>
    </ClInclude>
    <ClInclude Include="ferns\fern_based_point_classifier.h">
      <Filter>소스 파일\ferns</Filter>
    </ClInclude>
    <ClInclude Include="ferns\ferns.h">
      <Filter>소스 파일\ferns</Filter>
    </ClInclude>
    <ClInclude Include="ferns\fine_gaussian_pyramid.h">
      <Filter>소스 파일\ferns</Filter>
    </ClInclude>
    <ClInclude Include="ferns\general.h">
      <Filter>소스 파일\ferns</Filter>
    </ClInclude>
    <ClInclude Include="ferns\homography_estimator.h">
      <Filter>소스 파일\ferns</Filter>
    </ClInclude>
    <ClInclude Include="ferns\homography06.h">
      <Filter>소스 파일\ferns</Filter>
    </ClInclude>
    <ClInclude Include="ferns\keypoint.h">
      <Filter>소스 파일\ferns</Filter>
    </ClInclude>
    <ClInclude Include="ferns\mcv.h">
      <Filter>소스 파일\ferns</Filter>
    </ClInclude>
    <ClInclude Include="ferns\mcvGaussianSmoothing.h">
      <Filter>소스 파일\ferns</Filter>
    </ClInclude>
    <ClInclude Include="ferns\planar_pattern_detector.h">
      <Filter>소스 파일\ferns</Filter>
    </ClInclude>
    <ClInclude Include="ferns\planar_pattern_detector_builder.h">
      <Filter>소스 파일\ferns</Filter>
    </ClInclude>
    <ClInclude Include="ferns\pyr_yape06.h">
      <Filter>소스 파일\ferns</Filter>
    </ClInclude>
    <ClInclude Include="ferns\stdafx.h">
      <Filter>소스 파일\ferns</Filter>
    </ClInclude>
    <ClInclude Include="ferns\targetver.h">
      <Filter>소스 파일\ferns</Filter>
    </ClInclude>
    <ClInclude Include="ferns\template_matching_based_tracker.h">
      <Filter>소스 파일\ferns</Filter>
    </ClInclude>
    <ClInclude Include="ferns\zlib\crc32.h">
      <Filter>소스 파일\ferns\zlib</Filter>
    </ClInclude>
    <ClInclude Include="ferns\zlib\deflate.h">
      <Filter>소스 파일\ferns\zlib</Filter>
    </ClInclude>
    <ClInclude Include="ferns\zlib\gzguts.h">
      <Filter>소스 파일\ferns\zlib</Filter>
    </ClInclude>
    <ClInclude Include="ferns\zlib\inffast.h">
      <Filter>소스 파일\ferns\zlib</Filter>
    </ClInclude>
    <ClInclude Include="ferns\zlib\inffixed.h">
      <Filter>소스 파일\ferns\zlib</Filter>
    </ClInclude>
    <ClInclude Include="ferns\zlib\inflate.h">
      <Filter>소스 파일\ferns\zlib</Filter>
    </ClInclude>
    <ClInclude Include="ferns\zlib\inftrees.h">
      <Filter>소스 파일\ferns\zlib</Filter>
    </ClInclude>
    <ClInclude Include="ferns\zlib\namespace.zlib.h">
      <Filter>소스 파일\ferns\zlib</Filter>
    </ClInclude>
    <ClInclude Include="ferns\zlib\trees.h">
      <Filter>소스 파일\ferns\zlib</Filter>
    </ClInclude>
    <ClInclude Include="ferns\zlib\zconf.h">
      <Filter>소스 파일\ferns\zlib</Filter>
    </ClInclude>
    <ClInclude Include="ferns\zlib\zlib.h">
      <Filter>소스 파일\ferns\zlib</Filter>
    </ClInclude>
    <ClInclude Include="ferns\zlib\zutil.h">
      <Filter>소스 파일\ferns\zlib</Filter>
    </ClInclude>
  </ItemGroup>
  <ItemGroup>
    <None Include="ferns\AUTHORS">
      <Filter>소스 파일\ferns</Filter>
    </None>
    <None Include="ferns\COPYING">
      <Filter>소스 파일\ferns</Filter>
    </None>
  </ItemGroup>
</Project>